# This file is automatically @generated by Wally.
# It is not intended for manual editing.
registry = "test"

[[package]]
name = "aloroid/class-switcher"
version = "0.1.0"
dependencies = [["vide", "aloroid/vide-with-types@0.2.3"], ["videkit", "aloroid/videkit-ty@0.1.1"]]

[[package]]
name = "aloroid/vide-with-types"
version = "0.2.3"
dependencies = []

[[package]]
name = "aloroid/videkit-ty"
version = "0.1.1"
dependencies = [["vide", "aloroid/vide-with-types@0.2.3"]]
